<?xml version="1.0" encoding="utf-8"?>
<Project ToolsVersion="4.0" xmlns="http://schemas.microsoft.com/developer/msbuild/2003">
  <ItemGroup>
    <Filter Include="ソース ファイル">
      <UniqueIdentifier>{4FC737F1-C7A5-4376-A066-2A32D752A2FF}</UniqueIdentifier>
      <Extensions>cpp;c;cc;cxx;def;odl;idl;hpj;bat;asm;asmx</Extensions>
    </Filter>
    <Filter Include="ソース ファイル\enemy">
      <UniqueIdentifier>{b9e0952c-a74a-4644-b99e-206aff19f982}</UniqueIdentifier>
    </Filter>
    <Filter Include="ソース ファイル\graph">
      <UniqueIdentifier>{1763c914-b744-4d74-a94b-250a5ea01759}</UniqueIdentifier>
    </Filter>
    <Filter Include="ソース ファイル\shot">
      <UniqueIdentifier>{e5a47c81-3a37-4a7c-8887-23adee3ca09e}</UniqueIdentifier>
    </Filter>
    <Filter Include="ソース ファイル\shot\Hard">
      <UniqueIdentifier>{16d8d0db-1029-45e0-b607-44c8d90a69c4}</UniqueIdentifier>
    </Filter>
    <Filter Include="ソース ファイル\boss_shot">
      <UniqueIdentifier>{eef4a331-3057-4d64-b124-d44f2ebefa0e}</UniqueIdentifier>
    </Filter>
    <Filter Include="ソース ファイル\boss_shot\Hard">
      <UniqueIdentifier>{af3b219a-74fb-42a9-adc5-7193ae6644da}</UniqueIdentifier>
    </Filter>
    <Filter Include="ヘッダー ファイル">
      <UniqueIdentifier>{93995380-89BD-4b04-88EB-625FBE52EBFB}</UniqueIdentifier>
      <Extensions>h;hpp;hxx;hm;inl;inc;xsd</Extensions>
    </Filter>
    <Filter Include="リソース ファイル">
      <UniqueIdentifier>{67DA6AB6-F800-4c08-8B7A-83BB121AAD01}</UniqueIdentifier>
      <Extensions>rc;ico;cur;bmp;dlg;rc2;rct;bin;rgs;gif;jpg;jpeg;jpe;resx;tiff;tif;png;wav</Extensions>
    </Filter>
  </ItemGroup>
  <ItemGroup>
    <ClCompile Include="mydat\source\char.cpp">
      <Filter>ソース ファイル</Filter>
    </ClCompile>
    <ClCompile Include="mydat\source\fps.cpp">
      <Filter>ソース ファイル</Filter>
    </ClCompile>
    <ClCompile Include="mydat\source\ini.cpp">
      <Filter>ソース ファイル</Filter>
    </ClCompile>
    <ClCompile Include="mydat\source\key.cpp">
      <Filter>ソース ファイル</Filter>
    </ClCompile>
    <ClCompile Include="mydat\source\load.cpp">
      <Filter>ソース ファイル</Filter>
    </ClCompile>
    <ClCompile Include="mydat\source\main.cpp">
      <Filter>ソース ファイル</Filter>
    </ClCompile>
    <ClCompile Include="mydat\source\music.cpp">
      <Filter>ソース ファイル</Filter>
    </ClCompile>
    <ClCompile Include="mydat\source\out.cpp">
      <Filter>ソース ファイル</Filter>
    </ClCompile>
    <ClCompile Include="mydat\source\enemy.cpp">
      <Filter>ソース ファイル\enemy</Filter>
    </ClCompile>
    <ClCompile Include="mydat\source\enemy_act_pattern.cpp">
      <Filter>ソース ファイル\enemy</Filter>
    </ClCompile>
    <ClCompile Include="mydat\source\graph.cpp">
      <Filter>ソース ファイル\graph</Filter>
    </ClCompile>
    <ClCompile Include="mydat\source\graph_back.cpp">
      <Filter>ソース ファイル\graph</Filter>
    </ClCompile>
    <ClCompile Include="mydat\source\cshot.cpp">
      <Filter>ソース ファイル\shot</Filter>
    </ClCompile>
    <ClCompile Include="mydat\source\shot.cpp">
      <Filter>ソース ファイル\shot</Filter>
    </ClCompile>
    <ClCompile Include="mydat\source\shotH.cpp">
      <Filter>ソース ファイル\shot\Hard</Filter>
    </ClCompile>
    <ClCompile Include="mydat\source\boss_shot.cpp">
      <Filter>ソース ファイル\boss_shot</Filter>
    </ClCompile>
    <ClCompile Include="mydat\source\boss_shotH.cpp">
      <Filter>ソース ファイル\boss_shot\Hard</Filter>
    </ClCompile>
  </ItemGroup>
  <ItemGroup>
    <ClInclude Include="mydat\include\define.h">
      <Filter>ヘッダー ファイル</Filter>
    </ClInclude>
    <ClInclude Include="mydat\include\function.h">
      <Filter>ヘッダー ファイル</Filter>
    </ClInclude>
    <ClInclude Include="mydat\include\GV.h">
      <Filter>ヘッダー ファイル</Filter>
    </ClInclude>
    <ClInclude Include="mydat\include\struct.h">
      <Filter>ヘッダー ファイル</Filter>
    </ClInclude>
  </ItemGroup>
</Project>